
Microsoft Visual Studio Solution File, Format Version 12.00
# Visual Studio 14
VisualStudioVersion = 14.0.24720.0
MinimumVisualStudioVersion = 10.0.40219.1
Project("{FAE04EC0-301F-11D3-BF4B-00C04F79EFBC}") = "jcMPP.Android", "jcMPP.Android\jcMPP.Android.csproj", "{815D9219-B1CF-4041-901D-5D4E3DC88374}"
EndProject
Project("{FAE04EC0-301F-11D3-BF4B-00C04F79EFBC}") = "jcMPP.PCL", "jcMPP.PCL\jcMPP.PCL.csproj", "{332BC16D-B48D-4236-B0AE-5E942C0A18FB}"
EndProject
Project("{FAE04EC0-301F-11D3-BF4B-00C04F79EFBC}") = "jcMPP.UWP", "jcMPP.UWP\jcMPP.UWP.csproj", "{C9C72337-D340-46C4-95A9-34D56BAA6D30}"
EndProject
Project("{FAE04EC0-301F-11D3-BF4B-00C04F79EFBC}") = "jcMPP.PCL.DataLayer", "jcMPP.PCL.DataLayer\jcMPP.PCL.DataLayer.csproj", "{116C93AA-CEA2-4FC5-9E64-2A80D33C3358}"
EndProject
Project("{FAE04EC0-301F-11D3-BF4B-00C04F79EFBC}") = "jjcMPP.Console", "jjcMPP.Console\jjcMPP.Console.csproj", "{B5510013-972F-4725-A380-1B9CCA3887D9}"
EndProject
Project("{FAE04EC0-301F-11D3-BF4B-00C04F79EFBC}") = "jcMPP.Admin.Console", "jcMPP.Admin.Console\jcMPP.Admin.Console.csproj", "{08993382-C7B3-4D57-B4A5-4561CA0B6DD4}"
EndProject
Project("{8BB2217D-0F2D-49D1-97BC-3654ED321F3B}") = "jcMPP.WebAPI", "jcMPP.WebAPI\jcMPP.WebAPI.xproj", "{BBE70CC9-C81F-4382-B40B-ADC6708EA9F4}"
EndProject
Project("{8BB2217D-0F2D-49D1-97BC-3654ED321F3B}") = "jcMPP.WebAPI.DataLayer", "jcMPP.WebAPI.DataLayer\jcMPP.WebAPI.DataLayer.xproj", "{09BD59E6-B4DC-4F3C-8D89-68079B65081A}"
EndProject
Project("{FAE04EC0-301F-11D3-BF4B-00C04F79EFBC}") = "jcMPP.UWP.BackgroundTask", "jcMPP.UWP.BackgroundTask\jcMPP.UWP.BackgroundTask.csproj", "{E3F4D4E0-28E5-451F-9F2F-7A848D1A04FB}"
EndProject
Project("{FAE04EC0-301F-11D3-BF4B-00C04F79EFBC}") = "jcMPP.UWP.Library", "jcMPP.UWP.Library\jcMPP.UWP.Library.csproj", "{4C99C340-4E91-4C89-9EB9-5A2AE36B68AC}"
EndProject
Global
	GlobalSection(SolutionConfigurationPlatforms) = preSolution
		Debug|Any CPU = Debug|Any CPU
		Debug|ARM = Debug|ARM
		Debug|x64 = Debug|x64
		Debug|x86 = Debug|x86
		Release|Any CPU = Release|Any CPU
		Release|ARM = Release|ARM
		Release|x64 = Release|x64
		Release|x86 = Release|x86
	EndGlobalSection
	GlobalSection(ProjectConfigurationPlatforms) = postSolution
		{815D9219-B1CF-4041-901D-5D4E3DC88374}.Debug|Any CPU.ActiveCfg = Debug|Any CPU
		{815D9219-B1CF-4041-901D-5D4E3DC88374}.Debug|ARM.ActiveCfg = Debug|Any CPU
		{815D9219-B1CF-4041-901D-5D4E3DC88374}.Debug|ARM.Build.0 = Debug|Any CPU
		{815D9219-B1CF-4041-901D-5D4E3DC88374}.Debug|ARM.Deploy.0 = Debug|Any CPU
		{815D9219-B1CF-4041-901D-5D4E3DC88374}.Debug|x64.ActiveCfg = Debug|Any CPU
		{815D9219-B1CF-4041-901D-5D4E3DC88374}.Debug|x64.Build.0 = Debug|Any CPU
		{815D9219-B1CF-4041-901D-5D4E3DC88374}.Debug|x64.Deploy.0 = Debug|Any CPU
		{815D9219-B1CF-4041-901D-5D4E3DC88374}.Debug|x86.ActiveCfg = Debug|Any CPU
		{815D9219-B1CF-4041-901D-5D4E3DC88374}.Debug|x86.Build.0 = Debug|Any CPU
		{815D9219-B1CF-4041-901D-5D4E3DC88374}.Debug|x86.Deploy.0 = Debug|Any CPU
		{815D9219-B1CF-4041-901D-5D4E3DC88374}.Release|Any CPU.ActiveCfg = Release|Any CPU
		{815D9219-B1CF-4041-901D-5D4E3DC88374}.Release|Any CPU.Build.0 = Release|Any CPU
		{815D9219-B1CF-4041-901D-5D4E3DC88374}.Release|Any CPU.Deploy.0 = Release|Any CPU
		{815D9219-B1CF-4041-901D-5D4E3DC88374}.Release|ARM.ActiveCfg = Release|Any CPU
		{815D9219-B1CF-4041-901D-5D4E3DC88374}.Release|ARM.Build.0 = Release|Any CPU
		{815D9219-B1CF-4041-901D-5D4E3DC88374}.Release|ARM.Deploy.0 = Release|Any CPU
		{815D9219-B1CF-4041-901D-5D4E3DC88374}.Release|x64.ActiveCfg = Release|Any CPU
		{815D9219-B1CF-4041-901D-5D4E3DC88374}.Release|x64.Build.0 = Release|Any CPU
		{815D9219-B1CF-4041-901D-5D4E3DC88374}.Release|x64.Deploy.0 = Release|Any CPU
		{815D9219-B1CF-4041-901D-5D4E3DC88374}.Release|x86.ActiveCfg = Release|Any CPU
		{815D9219-B1CF-4041-901D-5D4E3DC88374}.Release|x86.Build.0 = Release|Any CPU
		{815D9219-B1CF-4041-901D-5D4E3DC88374}.Release|x86.Deploy.0 = Release|Any CPU
		{332BC16D-B48D-4236-B0AE-5E942C0A18FB}.Debug|Any CPU.ActiveCfg = Debug|Any CPU
		{332BC16D-B48D-4236-B0AE-5E942C0A18FB}.Debug|Any CPU.Build.0 = Debug|Any CPU
		{332BC16D-B48D-4236-B0AE-5E942C0A18FB}.Debug|ARM.ActiveCfg = Debug|Any CPU
		{332BC16D-B48D-4236-B0AE-5E942C0A18FB}.Debug|ARM.Build.0 = Debug|Any CPU
		{332BC16D-B48D-4236-B0AE-5E942C0A18FB}.Debug|x64.ActiveCfg = Debug|Any CPU
		{332BC16D-B48D-4236-B0AE-5E942C0A18FB}.Debug|x64.Build.0 = Debug|Any CPU
		{332BC16D-B48D-4236-B0AE-5E942C0A18FB}.Debug|x86.ActiveCfg = Debug|Any CPU
		{332BC16D-B48D-4236-B0AE-5E942C0A18FB}.Debug|x86.Build.0 = Debug|Any CPU
		{332BC16D-B48D-4236-B0AE-5E942C0A18FB}.Release|Any CPU.ActiveCfg = Release|Any CPU
		{332BC16D-B48D-4236-B0AE-5E942C0A18FB}.Release|Any CPU.Build.0 = Release|Any CPU
		{332BC16D-B48D-4236-B0AE-5E942C0A18FB}.Release|ARM.ActiveCfg = Release|Any CPU
		{332BC16D-B48D-4236-B0AE-5E942C0A18FB}.Release|ARM.Build.0 = Release|Any CPU
		{332BC16D-B48D-4236-B0AE-5E942C0A18FB}.Release|x64.ActiveCfg = Release|Any CPU
		{332BC16D-B48D-4236-B0AE-5E942C0A18FB}.Release|x64.Build.0 = Release|Any CPU
		{332BC16D-B48D-4236-B0AE-5E942C0A18FB}.Release|x86.ActiveCfg = Release|Any CPU
		{332BC16D-B48D-4236-B0AE-5E942C0A18FB}.Release|x86.Build.0 = Release|Any CPU
		{C9C72337-D340-46C4-95A9-34D56BAA6D30}.Debug|Any CPU.ActiveCfg = Debug|x86
		{C9C72337-D340-46C4-95A9-34D56BAA6D30}.Debug|Any CPU.Build.0 = Debug|x86
		{C9C72337-D340-46C4-95A9-34D56BAA6D30}.Debug|Any CPU.Deploy.0 = Debug|x86
		{C9C72337-D340-46C4-95A9-34D56BAA6D30}.Debug|ARM.ActiveCfg = Debug|ARM
		{C9C72337-D340-46C4-95A9-34D56BAA6D30}.Debug|ARM.Build.0 = Debug|ARM
		{C9C72337-D340-46C4-95A9-34D56BAA6D30}.Debug|ARM.Deploy.0 = Debug|ARM
		{C9C72337-D340-46C4-95A9-34D56BAA6D30}.Debug|x64.ActiveCfg = Debug|x64
		{C9C72337-D340-46C4-95A9-34D56BAA6D30}.Debug|x64.Build.0 = Debug|x64
		{C9C72337-D340-46C4-95A9-34D56BAA6D30}.Debug|x64.Deploy.0 = Debug|x64
		{C9C72337-D340-46C4-95A9-34D56BAA6D30}.Debug|x86.ActiveCfg = Debug|x86
		{C9C72337-D340-46C4-95A9-34D56BAA6D30}.Debug|x86.Build.0 = Debug|x86
		{C9C72337-D340-46C4-95A9-34D56BAA6D30}.Debug|x86.Deploy.0 = Debug|x86
		{C9C72337-D340-46C4-95A9-34D56BAA6D30}.Release|Any CPU.ActiveCfg = Release|x86
		{C9C72337-D340-46C4-95A9-34D56BAA6D30}.Release|ARM.ActiveCfg = Release|ARM
		{C9C72337-D340-46C4-95A9-34D56BAA6D30}.Release|ARM.Build.0 = Release|ARM
		{C9C72337-D340-46C4-95A9-34D56BAA6D30}.Release|ARM.Deploy.0 = Release|ARM
		{C9C72337-D340-46C4-95A9-34D56BAA6D30}.Release|x64.ActiveCfg = Release|x64
		{C9C72337-D340-46C4-95A9-34D56BAA6D30}.Release|x64.Build.0 = Release|x64
		{C9C72337-D340-46C4-95A9-34D56BAA6D30}.Release|x64.Deploy.0 = Release|x64
		{C9C72337-D340-46C4-95A9-34D56BAA6D30}.Release|x86.ActiveCfg = Release|x86
		{C9C72337-D340-46C4-95A9-34D56BAA6D30}.Release|x86.Build.0 = Release|x86
		{C9C72337-D340-46C4-95A9-34D56BAA6D30}.Release|x86.Deploy.0 = Release|x86
		{116C93AA-CEA2-4FC5-9E64-2A80D33C3358}.Debug|Any CPU.ActiveCfg = Debug|Any CPU
		{116C93AA-CEA2-4FC5-9E64-2A80D33C3358}.Debug|Any CPU.Build.0 = Debug|Any CPU
		{116C93AA-CEA2-4FC5-9E64-2A80D33C3358}.Debug|ARM.ActiveCfg = Debug|Any CPU
		{116C93AA-CEA2-4FC5-9E64-2A80D33C3358}.Debug|ARM.Build.0 = Debug|Any CPU
		{116C93AA-CEA2-4FC5-9E64-2A80D33C3358}.Debug|x64.ActiveCfg = Debug|Any CPU
		{116C93AA-CEA2-4FC5-9E64-2A80D33C3358}.Debug|x64.Build.0 = Debug|Any CPU
		{116C93AA-CEA2-4FC5-9E64-2A80D33C3358}.Debug|x86.ActiveCfg = Debug|Any CPU
		{116C93AA-CEA2-4FC5-9E64-2A80D33C3358}.Debug|x86.Build.0 = Debug|Any CPU
		{116C93AA-CEA2-4FC5-9E64-2A80D33C3358}.Release|Any CPU.ActiveCfg = Release|Any CPU
		{116C93AA-CEA2-4FC5-9E64-2A80D33C3358}.Release|Any CPU.Build.0 = Release|Any CPU
		{116C93AA-CEA2-4FC5-9E64-2A80D33C3358}.Release|ARM.ActiveCfg = Release|Any CPU
		{116C93AA-CEA2-4FC5-9E64-2A80D33C3358}.Release|ARM.Build.0 = Release|Any CPU
		{116C93AA-CEA2-4FC5-9E64-2A80D33C3358}.Release|x64.ActiveCfg = Release|Any CPU
		{116C93AA-CEA2-4FC5-9E64-2A80D33C3358}.Release|x64.Build.0 = Release|Any CPU
		{116C93AA-CEA2-4FC5-9E64-2A80D33C3358}.Release|x86.ActiveCfg = Release|Any CPU
		{116C93AA-CEA2-4FC5-9E64-2A80D33C3358}.Release|x86.Build.0 = Release|Any CPU
		{B5510013-972F-4725-A380-1B9CCA3887D9}.Debug|Any CPU.ActiveCfg = Debug|Any CPU
		{B5510013-972F-4725-A380-1B9CCA3887D9}.Debug|ARM.ActiveCfg = Debug|Any CPU
		{B5510013-972F-4725-A380-1B9CCA3887D9}.Debug|ARM.Build.0 = Debug|Any CPU
		{B5510013-972F-4725-A380-1B9CCA3887D9}.Debug|x64.ActiveCfg = Debug|Any CPU
		{B5510013-972F-4725-A380-1B9CCA3887D9}.Debug|x64.Build.0 = Debug|Any CPU
		{B5510013-972F-4725-A380-1B9CCA3887D9}.Debug|x86.ActiveCfg = Debug|Any CPU
		{B5510013-972F-4725-A380-1B9CCA3887D9}.Debug|x86.Build.0 = Debug|Any CPU
		{B5510013-972F-4725-A380-1B9CCA3887D9}.Release|Any CPU.ActiveCfg = Release|Any CPU
		{B5510013-972F-4725-A380-1B9CCA3887D9}.Release|Any CPU.Build.0 = Release|Any CPU
		{B5510013-972F-4725-A380-1B9CCA3887D9}.Release|ARM.ActiveCfg = Release|Any CPU
		{B5510013-972F-4725-A380-1B9CCA3887D9}.Release|ARM.Build.0 = Release|Any CPU
		{B5510013-972F-4725-A380-1B9CCA3887D9}.Release|x64.ActiveCfg = Release|Any CPU
		{B5510013-972F-4725-A380-1B9CCA3887D9}.Release|x64.Build.0 = Release|Any CPU
		{B5510013-972F-4725-A380-1B9CCA3887D9}.Release|x86.ActiveCfg = Release|Any CPU
		{B5510013-972F-4725-A380-1B9CCA3887D9}.Release|x86.Build.0 = Release|Any CPU
		{08993382-C7B3-4D57-B4A5-4561CA0B6DD4}.Debug|Any CPU.ActiveCfg = Debug|Any CPU
		{08993382-C7B3-4D57-B4A5-4561CA0B6DD4}.Debug|ARM.ActiveCfg = Debug|Any CPU
		{08993382-C7B3-4D57-B4A5-4561CA0B6DD4}.Debug|ARM.Build.0 = Debug|Any CPU
		{08993382-C7B3-4D57-B4A5-4561CA0B6DD4}.Debug|x64.ActiveCfg = Debug|Any CPU
		{08993382-C7B3-4D57-B4A5-4561CA0B6DD4}.Debug|x64.Build.0 = Debug|Any CPU
		{08993382-C7B3-4D57-B4A5-4561CA0B6DD4}.Debug|x86.ActiveCfg = Debug|Any CPU
		{08993382-C7B3-4D57-B4A5-4561CA0B6DD4}.Debug|x86.Build.0 = Debug|Any CPU
		{08993382-C7B3-4D57-B4A5-4561CA0B6DD4}.Release|Any CPU.ActiveCfg = Release|Any CPU
		{08993382-C7B3-4D57-B4A5-4561CA0B6DD4}.Release|Any CPU.Build.0 = Release|Any CPU
		{08993382-C7B3-4D57-B4A5-4561CA0B6DD4}.Release|ARM.ActiveCfg = Release|Any CPU
		{08993382-C7B3-4D57-B4A5-4561CA0B6DD4}.Release|ARM.Build.0 = Release|Any CPU
		{08993382-C7B3-4D57-B4A5-4561CA0B6DD4}.Release|x64.ActiveCfg = Release|Any CPU
		{08993382-C7B3-4D57-B4A5-4561CA0B6DD4}.Release|x64.Build.0 = Release|Any CPU
		{08993382-C7B3-4D57-B4A5-4561CA0B6DD4}.Release|x86.ActiveCfg = Release|Any CPU
		{08993382-C7B3-4D57-B4A5-4561CA0B6DD4}.Release|x86.Build.0 = Release|Any CPU
		{BBE70CC9-C81F-4382-B40B-ADC6708EA9F4}.Debug|Any CPU.ActiveCfg = Debug|Any CPU
		{BBE70CC9-C81F-4382-B40B-ADC6708EA9F4}.Debug|ARM.ActiveCfg = Debug|Any CPU
		{BBE70CC9-C81F-4382-B40B-ADC6708EA9F4}.Debug|ARM.Build.0 = Debug|Any CPU
		{BBE70CC9-C81F-4382-B40B-ADC6708EA9F4}.Debug|x64.ActiveCfg = Debug|Any CPU
		{BBE70CC9-C81F-4382-B40B-ADC6708EA9F4}.Debug|x64.Build.0 = Debug|Any CPU
		{BBE70CC9-C81F-4382-B40B-ADC6708EA9F4}.Debug|x86.ActiveCfg = Debug|Any CPU
		{BBE70CC9-C81F-4382-B40B-ADC6708EA9F4}.Debug|x86.Build.0 = Debug|Any CPU
		{BBE70CC9-C81F-4382-B40B-ADC6708EA9F4}.Release|Any CPU.ActiveCfg = Release|Any CPU
		{BBE70CC9-C81F-4382-B40B-ADC6708EA9F4}.Release|Any CPU.Build.0 = Release|Any CPU
		{BBE70CC9-C81F-4382-B40B-ADC6708EA9F4}.Release|ARM.ActiveCfg = Release|Any CPU
		{BBE70CC9-C81F-4382-B40B-ADC6708EA9F4}.Release|ARM.Build.0 = Release|Any CPU
		{BBE70CC9-C81F-4382-B40B-ADC6708EA9F4}.Release|x64.ActiveCfg = Release|Any CPU
		{BBE70CC9-C81F-4382-B40B-ADC6708EA9F4}.Release|x64.Build.0 = Release|Any CPU
		{BBE70CC9-C81F-4382-B40B-ADC6708EA9F4}.Release|x86.ActiveCfg = Release|Any CPU
		{BBE70CC9-C81F-4382-B40B-ADC6708EA9F4}.Release|x86.Build.0 = Release|Any CPU
		{09BD59E6-B4DC-4F3C-8D89-68079B65081A}.Debug|Any CPU.ActiveCfg = Debug|Any CPU
		{09BD59E6-B4DC-4F3C-8D89-68079B65081A}.Debug|ARM.ActiveCfg = Debug|Any CPU
		{09BD59E6-B4DC-4F3C-8D89-68079B65081A}.Debug|ARM.Build.0 = Debug|Any CPU
		{09BD59E6-B4DC-4F3C-8D89-68079B65081A}.Debug|x64.ActiveCfg = Debug|Any CPU
		{09BD59E6-B4DC-4F3C-8D89-68079B65081A}.Debug|x64.Build.0 = Debug|Any CPU
		{09BD59E6-B4DC-4F3C-8D89-68079B65081A}.Debug|x86.ActiveCfg = Debug|Any CPU
		{09BD59E6-B4DC-4F3C-8D89-68079B65081A}.Debug|x86.Build.0 = Debug|Any CPU
		{09BD59E6-B4DC-4F3C-8D89-68079B65081A}.Release|Any CPU.ActiveCfg = Release|Any CPU
		{09BD59E6-B4DC-4F3C-8D89-68079B65081A}.Release|Any CPU.Build.0 = Release|Any CPU
		{09BD59E6-B4DC-4F3C-8D89-68079B65081A}.Release|ARM.ActiveCfg = Release|Any CPU
		{09BD59E6-B4DC-4F3C-8D89-68079B65081A}.Release|ARM.Build.0 = Release|Any CPU
		{09BD59E6-B4DC-4F3C-8D89-68079B65081A}.Release|x64.ActiveCfg = Release|Any CPU
		{09BD59E6-B4DC-4F3C-8D89-68079B65081A}.Release|x64.Build.0 = Release|Any CPU
		{09BD59E6-B4DC-4F3C-8D89-68079B65081A}.Release|x86.ActiveCfg = Release|Any CPU
		{09BD59E6-B4DC-4F3C-8D89-68079B65081A}.Release|x86.Build.0 = Release|Any CPU
		{E3F4D4E0-28E5-451F-9F2F-7A848D1A04FB}.Debug|Any CPU.ActiveCfg = Debug|Any CPU
		{E3F4D4E0-28E5-451F-9F2F-7A848D1A04FB}.Debug|Any CPU.Build.0 = Debug|Any CPU
		{E3F4D4E0-28E5-451F-9F2F-7A848D1A04FB}.Debug|ARM.ActiveCfg = Debug|ARM
		{E3F4D4E0-28E5-451F-9F2F-7A848D1A04FB}.Debug|ARM.Build.0 = Debug|ARM
		{E3F4D4E0-28E5-451F-9F2F-7A848D1A04FB}.Debug|x64.ActiveCfg = Debug|x64
		{E3F4D4E0-28E5-451F-9F2F-7A848D1A04FB}.Debug|x64.Build.0 = Debug|x64
		{E3F4D4E0-28E5-451F-9F2F-7A848D1A04FB}.Debug|x86.ActiveCfg = Debug|x86
		{E3F4D4E0-28E5-451F-9F2F-7A848D1A04FB}.Debug|x86.Build.0 = Debug|x86
		{E3F4D4E0-28E5-451F-9F2F-7A848D1A04FB}.Release|Any CPU.ActiveCfg = Release|Any CPU
		{E3F4D4E0-28E5-451F-9F2F-7A848D1A04FB}.Release|Any CPU.Build.0 = Release|Any CPU
		{E3F4D4E0-28E5-451F-9F2F-7A848D1A04FB}.Release|ARM.ActiveCfg = Release|ARM
		{E3F4D4E0-28E5-451F-9F2F-7A848D1A04FB}.Release|ARM.Build.0 = Release|ARM
		{E3F4D4E0-28E5-451F-9F2F-7A848D1A04FB}.Release|x64.ActiveCfg = Release|x64
		{E3F4D4E0-28E5-451F-9F2F-7A848D1A04FB}.Release|x64.Build.0 = Release|x64
		{E3F4D4E0-28E5-451F-9F2F-7A848D1A04FB}.Release|x86.ActiveCfg = Release|x86
		{E3F4D4E0-28E5-451F-9F2F-7A848D1A04FB}.Release|x86.Build.0 = Release|x86
		{4C99C340-4E91-4C89-9EB9-5A2AE36B68AC}.Debug|Any CPU.ActiveCfg = Debug|Any CPU
		{4C99C340-4E91-4C89-9EB9-5A2AE36B68AC}.Debug|Any CPU.Build.0 = Debug|Any CPU
		{4C99C340-4E91-4C89-9EB9-5A2AE36B68AC}.Debug|ARM.ActiveCfg = Debug|ARM
		{4C99C340-4E91-4C89-9EB9-5A2AE36B68AC}.Debug|ARM.Build.0 = Debug|ARM
		{4C99C340-4E91-4C89-9EB9-5A2AE36B68AC}.Debug|x64.ActiveCfg = Debug|x64
		{4C99C340-4E91-4C89-9EB9-5A2AE36B68AC}.Debug|x64.Build.0 = Debug|x64
		{4C99C340-4E91-4C89-9EB9-5A2AE36B68AC}.Debug|x86.ActiveCfg = Debug|x86
		{4C99C340-4E91-4C89-9EB9-5A2AE36B68AC}.Debug|x86.Build.0 = Debug|x86
		{4C99C340-4E91-4C89-9EB9-5A2AE36B68AC}.Release|Any CPU.ActiveCfg = Release|Any CPU
		{4C99C340-4E91-4C89-9EB9-5A2AE36B68AC}.Release|Any CPU.Build.0 = Release|Any CPU
		{4C99C340-4E91-4C89-9EB9-5A2AE36B68AC}.Release|ARM.ActiveCfg = Release|ARM
		{4C99C340-4E91-4C89-9EB9-5A2AE36B68AC}.Release|ARM.Build.0 = Release|ARM
		{4C99C340-4E91-4C89-9EB9-5A2AE36B68AC}.Release|x64.ActiveCfg = Release|x64
		{4C99C340-4E91-4C89-9EB9-5A2AE36B68AC}.Release|x64.Build.0 = Release|x64
		{4C99C340-4E91-4C89-9EB9-5A2AE36B68AC}.Release|x86.ActiveCfg = Release|x86
		{4C99C340-4E91-4C89-9EB9-5A2AE36B68AC}.Release|x86.Build.0 = Release|x86
	EndGlobalSection
	GlobalSection(SolutionProperties) = preSolution
		HideSolutionNode = FALSE
	EndGlobalSection
EndGlobal
